{
  "name": "0ainterpreter",
  "version": "1.0.0",
  "lockfileVersion": 1,
  "requires": true,
  "dependencies": {
    "zero-md": {
      "version": "2.2.0",
      "resolved": "https://registry.npmjs.org/zero-md/-/zero-md-2.2.0.tgz",
      "integrity": "sha512-Y3G7K/8UY9HtxVcYss3axUMCPlEsP/jf/8UkRgpfzelV6x+cOkLDOT0R4x0YHYSkFyOB7h7Uy/42PMZHXag+cw=="
    }
  }
}
